
Microsoft Visual Studio Solution File, Format Version 12.00
# Visual Studio Version 16
VisualStudioVersion = 16.0.31205.134
MinimumVisualStudioVersion = 10.0.40219.1
Project("{FAE04EC0-301F-11D3-BF4B-00C04F79EFBC}") = "SiteSUS", "SiteSUS.csproj", "{972D8C82-E5BE-493C-A64B-ECC1FDEEEEF5}"
EndProject
Project("{FAE04EC0-301F-11D3-BF4B-00C04F79EFBC}") = "Domain", "..\Domain\Domain.csproj", "{35A835C4-BEEC-4EF2-9F2B-E3C438B61124}"
EndProject
Global
	GlobalSection(SolutionConfigurationPlatforms) = preSolution
		Debug|Any CPU = Debug|Any CPU
		Release|Any CPU = Release|Any CPU
	EndGlobalSection
	GlobalSection(ProjectConfigurationPlatforms) = postSolution
		{972D8C82-E5BE-493C-A64B-ECC1FDEEEEF5}.Debug|Any CPU.ActiveCfg = Debug|Any CPU
		{972D8C82-E5BE-493C-A64B-ECC1FDEEEEF5}.Debug|Any CPU.Build.0 = Debug|Any CPU
		{972D8C82-E5BE-493C-A64B-ECC1FDEEEEF5}.Release|Any CPU.ActiveCfg = Release|Any CPU
		{972D8C82-E5BE-493C-A64B-ECC1FDEEEEF5}.Release|Any CPU.Build.0 = Release|Any CPU
		{35A835C4-BEEC-4EF2-9F2B-E3C438B61124}.Debug|Any CPU.ActiveCfg = Debug|Any CPU
		{35A835C4-BEEC-4EF2-9F2B-E3C438B61124}.Debug|Any CPU.Build.0 = Debug|Any CPU
		{35A835C4-BEEC-4EF2-9F2B-E3C438B61124}.Release|Any CPU.ActiveCfg = Release|Any CPU
		{35A835C4-BEEC-4EF2-9F2B-E3C438B61124}.Release|Any CPU.Build.0 = Release|Any CPU
	EndGlobalSection
	GlobalSection(SolutionProperties) = preSolution
		HideSolutionNode = FALSE
	EndGlobalSection
	GlobalSection(ExtensibilityGlobals) = postSolution
		SolutionGuid = {2FBA6DD0-1026-40BC-9FE2-668F97067E9A}
	EndGlobalSection
EndGlobal
